
Microsoft Visual Studio Solution File, Format Version 12.00
# Visual Studio Version 17
VisualStudioVersion = 17.1.32319.34
MinimumVisualStudioVersion = 10.0.40219.1
Project("{2150E333-8FDC-42A3-9474-1A3956D46DE8}") = "src", "src", "{A507DD93-6B67-4653-ABC1-B6510EDE9AB6}"
EndProject
Project("{FAE04EC0-301F-11D3-BF4B-00C04F79EFBC}") = "ConstructionPlanning.DataLayer", "src\ConstructionPlanning.DataLayer\ConstructionPlanning.DataLayer.csproj", "{A2EAF9B1-7F56-4576-942D-38382667909E}"
EndProject
Global
	GlobalSection(SolutionConfigurationPlatforms) = preSolution
		Debug|Any CPU = Debug|Any CPU
		Release|Any CPU = Release|Any CPU
	EndGlobalSection
	GlobalSection(ProjectConfigurationPlatforms) = postSolution
		{A2EAF9B1-7F56-4576-942D-38382667909E}.Debug|Any CPU.ActiveCfg = Debug|Any CPU
		{A2EAF9B1-7F56-4576-942D-38382667909E}.Debug|Any CPU.Build.0 = Debug|Any CPU
		{A2EAF9B1-7F56-4576-942D-38382667909E}.Release|Any CPU.ActiveCfg = Release|Any CPU
		{A2EAF9B1-7F56-4576-942D-38382667909E}.Release|Any CPU.Build.0 = Release|Any CPU
	EndGlobalSection
	GlobalSection(SolutionProperties) = preSolution
		HideSolutionNode = FALSE
	EndGlobalSection
	GlobalSection(NestedProjects) = preSolution
		{A2EAF9B1-7F56-4576-942D-38382667909E} = {A507DD93-6B67-4653-ABC1-B6510EDE9AB6}
	EndGlobalSection
	GlobalSection(ExtensibilityGlobals) = postSolution
		SolutionGuid = {B2A7F636-7C25-41BF-9341-E6F11F6A263F}
	EndGlobalSection
EndGlobal
